hash: 4d5d9c7dc4fe9fb6d57d5d69fd8a16155dc0b850f2a3064d2558256c1abf962d
updated: 2017-04-15T20:28:25.833181379+09:00
imports:
- name: cloud.google.com/go
  version: 1180f1d0d05f61a65f39b3b9be37815493758d2f
  subpackages:
  - bigquery
  - civil
  - compute/metadata
  - datastore
  - iam
  - internal
  - internal/atomiccache
  - internal/fields
  - internal/optional
  - internal/version
  - logging
  - logging/apiv2
  - logging/internal
  - pubsub
  - pubsub/apiv1
  - storage
- name: github.com/davecgh/go-spew
  version: 04cdfd42973bb9c8589fd6a731800cf222fde1a9
  subpackages:
  - spew
- name: github.com/dgrijalva/jwt-go
  version: 2268707a8f0843315e2004ee4f1d021dc08baedf
  subpackages:
  - request
- name: github.com/golang/protobuf
  version: 2bba0603135d7d7f5cb73b2125beeda19c09f4ef
  subpackages:
  - proto
  - protoc-gen-go/descriptor
  - ptypes
  - ptypes/any
  - ptypes/duration
  - ptypes/empty
  - ptypes/struct
  - ptypes/timestamp
  - ptypes/wrappers
- name: github.com/googleapis/gax-go
  version: 9af46dd5a1713e8b5cd71106287eba3cefdde50b
- name: github.com/koichirokamoto/apns
  version: 4ee324a4babe553629ad60b1d3fe811ddf921a38
- name: github.com/koichirokamoto/webpush
  version: 1f39463356a425c3ac1951fdf5df80d6a256eaf9
- name: github.com/mjibson/goon
  version: ce6c18b635bb36342c10a151f79983efd70f96d6
- name: github.com/pmezard/go-difflib
  version: d8ed2627bdf02c080bf22230dbb337003b7aba2d
  subpackages:
  - difflib
- name: github.com/satori/go.uuid
  version: 5bf94b69c6b68ee1b541973bb8e1144db23a194b
- name: github.com/sendgrid/rest
  version: 14de1ac72d9ae5c3c0d7c02164c52ebd3b951a4e
- name: github.com/sendgrid/sendgrid-go
  version: 22e570ec3adefad019c6c8ffbead6c515ca84062
  subpackages:
  - helpers/mail
- name: github.com/stretchr/objx
  version: cbeaeb16a013161a98496fad62933b1d21786672
- name: github.com/stretchr/testify
  version: 4d4bfba8f1d1027c4fdbe371823030df51419987
  subpackages:
  - assert
  - mock
- name: golang.org/x/net
  version: d1e1b351919c6738fdeb9893d5c998b161464f0c
  subpackages:
  - context
  - context/ctxhttp
  - http2
  - http2/hpack
  - idna
  - internal/timeseries
  - lex/httplex
  - trace
- name: golang.org/x/oauth2
  version: 7fdf09982454086d5570c7db3e11f360194830ca
  subpackages:
  - google
  - internal
  - jws
  - jwt
- name: golang.org/x/sync
  version: 5a06fca2c336a4b2b2fcb45702e8c47621b2aa2c
  subpackages:
  - semaphore
- name: golang.org/x/text
  version: f4b4367115ec2de254587813edaa901bc1c723a8
  subpackages:
  - encoding
  - encoding/internal
  - encoding/internal/identifier
  - encoding/japanese
  - secure/bidirule
  - transform
  - unicode/bidi
  - unicode/norm
- name: google.golang.org/api
  version: 48e49d1645e228d1c50c3d54fb476b2224477303
  subpackages:
  - admin/directory/v1
  - bigquery/v2
  - calendar/v3
  - gensupport
  - gmail/v1
  - googleapi
  - googleapi/internal/uritemplates
  - googleapi/transport
  - internal
  - iterator
  - oauth2/v2
  - option
  - storage/v1
  - support
  - support/bundler
  - transport
- name: google.golang.org/appengine
  version: 170382fa85b10b94728989dfcf6cc818b335c952
  subpackages:
  - aetest
  - blobstore
  - datastore
  - internal
  - internal/app_identity
  - internal/base
  - internal/datastore
  - internal/log
  - internal/mail
  - internal/memcache
  - internal/modules
  - internal/remote_api
  - internal/socket
  - internal/taskqueue
  - internal/urlfetch
  - internal/user
  - log
  - mail
  - memcache
  - socket
  - taskqueue
  - urlfetch
  - user
- name: google.golang.org/genproto
  version: 411e09b969b1170a9f0c467558eb4c4c110d9c77
  subpackages:
  - googleapis/api/annotations
  - googleapis/api/distribution
  - googleapis/api/label
  - googleapis/api/metric
  - googleapis/api/monitoredres
  - googleapis/datastore/v1
  - googleapis/iam/v1
  - googleapis/logging/type
  - googleapis/logging/v2
  - googleapis/pubsub/v1
  - googleapis/rpc/status
  - googleapis/type/latlng
  - protobuf/field_mask
- name: google.golang.org/grpc
  version: ff17eeb5f6e2112ef30f103d686fa725ee31202e
  subpackages:
  - codes
  - credentials
  - credentials/oauth
  - grpclog
  - internal
  - keepalive
  - metadata
  - naming
  - peer
  - stats
  - status
  - tap
  - transport
testImports: []
