hash: fc4764b5a03cda4fe30d95727e18a58fc754d898a81bd8fdca1194bf823ea90f
updated: 2017-05-15T17:36:33.091213866+09:00
imports:
- name: cloud.google.com/go
  version: d1b539fa28d3f3de47a169807da3c8c04311bc28
  subpackages:
  - bigquery
  - civil
  - compute/metadata
  - datastore
  - iam
  - internal
  - internal/atomiccache
  - internal/fields
  - internal/optional
  - internal/version
  - logging
  - logging/apiv2
  - logging/internal
  - logging/logadmin
  - pubsub
  - pubsub/apiv1
  - storage
- name: github.com/davecgh/go-spew
  version: 2df174808ee097f90d259e432cc04442cf60be21
  subpackages:
  - spew
- name: github.com/dgrijalva/jwt-go
  version: 6c8dedd55f8a2e41f605de6d5d66e51ed1f299fc
  subpackages:
  - request
- name: github.com/golang/protobuf
  version: fec3b39b059c0f88fa6b20f5ed012b1aa203a8b4
  subpackages:
  - proto
  - protoc-gen-go/descriptor
  - ptypes
  - ptypes/any
  - ptypes/duration
  - ptypes/empty
  - ptypes/struct
  - ptypes/timestamp
  - ptypes/wrappers
- name: github.com/googleapis/gax-go
  version: 9af46dd5a1713e8b5cd71106287eba3cefdde50b
- name: github.com/koichirokamoto/apns
  version: 4ee324a4babe553629ad60b1d3fe811ddf921a38
- name: github.com/koichirokamoto/webpush
  version: 1f39463356a425c3ac1951fdf5df80d6a256eaf9
- name: github.com/mjibson/goon
  version: 4704d2914e39207b9ea1f29065975a803e96b8ae
- name: github.com/pmezard/go-difflib
  version: d8ed2627bdf02c080bf22230dbb337003b7aba2d
  subpackages:
  - difflib
- name: github.com/satori/go.uuid
  version: 5bf94b69c6b68ee1b541973bb8e1144db23a194b
- name: github.com/sendgrid/rest
  version: 14de1ac72d9ae5c3c0d7c02164c52ebd3b951a4e
- name: github.com/sendgrid/sendgrid-go
  version: 22e570ec3adefad019c6c8ffbead6c515ca84062
  subpackages:
  - helpers/mail
- name: github.com/stretchr/objx
  version: cbeaeb16a013161a98496fad62933b1d21786672
- name: github.com/stretchr/testify
  version: f390dcf405f7b83c997eac1b06768bb9f44dec18
  subpackages:
  - assert
  - mock
- name: golang.org/x/net
  version: 84f0e6f92b10139f986b1756e149a7d9de270cdc
  subpackages:
  - context
  - context/ctxhttp
  - http2
  - http2/hpack
  - idna
  - internal/timeseries
  - lex/httplex
  - trace
- name: golang.org/x/oauth2
  version: ad516a297a9f2a74ecc244861b298c94bdd28b9d
  subpackages:
  - google
  - internal
  - jws
  - jwt
- name: golang.org/x/sync
  version: 57af736625aaa69dfa099432bb67e0808eef3bcc
  subpackages:
  - semaphore
- name: golang.org/x/text
  version: 19e51611da83d6be54ddafce4a4af510cb3e9ea4
  subpackages:
  - encoding
  - encoding/internal
  - encoding/internal/identifier
  - encoding/japanese
  - secure/bidirule
  - transform
  - unicode/bidi
  - unicode/norm
- name: google.golang.org/api
  version: c858ef4400610cbfd097ffc5f5c6e4a1a51eac86
  subpackages:
  - admin/directory/v1
  - bigquery/v2
  - calendar/v3
  - gensupport
  - gmail/v1
  - googleapi
  - googleapi/internal/uritemplates
  - googleapi/transport
  - internal
  - iterator
  - oauth2/v2
  - option
  - storage/v1
  - support
  - support/bundler
  - transport
- name: google.golang.org/appengine
  version: 170382fa85b10b94728989dfcf6cc818b335c952
  subpackages:
  - aetest
  - blobstore
  - datastore
  - internal
  - internal/app_identity
  - internal/base
  - internal/datastore
  - internal/log
  - internal/mail
  - internal/memcache
  - internal/modules
  - internal/remote_api
  - internal/socket
  - internal/taskqueue
  - internal/urlfetch
  - internal/user
  - log
  - mail
  - memcache
  - socket
  - taskqueue
  - urlfetch
  - user
- name: google.golang.org/genproto
  version: 411e09b969b1170a9f0c467558eb4c4c110d9c77
  subpackages:
  - googleapis/api/annotations
  - googleapis/api/distribution
  - googleapis/api/label
  - googleapis/api/metric
  - googleapis/api/monitoredres
  - googleapis/cloud/audit
  - googleapis/datastore/v1
  - googleapis/iam/v1
  - googleapis/logging/type
  - googleapis/logging/v2
  - googleapis/pubsub/v1
  - googleapis/rpc/status
  - googleapis/type/latlng
  - protobuf/field_mask
- name: google.golang.org/grpc
  version: 1c69e4cae0f5180ce7d8b472bf0a55d2654fe31b
  subpackages:
  - codes
  - credentials
  - credentials/oauth
  - grpclb/grpc_lb_v1
  - grpclog
  - internal
  - keepalive
  - metadata
  - naming
  - peer
  - stats
  - status
  - tap
  - transport
testImports: []
